
Microsoft Visual Studio Solution File, Format Version 12.00
# Visual Studio Version 17
VisualStudioVersion = 17.9.34728.123
MinimumVisualStudioVersion = 10.0.40219.1
Project("{8BC9CEB8-8B4A-11D0-8D11-00A0C91BC942}") = "Ch1_Game_Algorithm", "Ch1_Game_Algorithm.vcxproj", "{EA651EA8-7EC9-4F35-8F0D-CEDEB9B47B62}"
EndProject
Project("{8BC9CEB8-8B4A-11D0-8D11-00A0C91BC942}") = "Ch2_basic_Sorting", "..\Ch2_basic_Sorting\Ch2_basic_Sorting.vcxproj", "{6600E005-80F0-4C76-8356-0A350FA3F858}"
EndProject
Project("{8BC9CEB8-8B4A-11D0-8D11-00A0C91BC942}") = "Ch3_Insert_Quick_Sort", "..\Ch3_Insert_Quick_Sort\Ch3_Insert_Quick_Sort.vcxproj", "{E706DA1F-6876-4774-9B58-5853268BADA7}"
EndProject
Project("{8BC9CEB8-8B4A-11D0-8D11-00A0C91BC942}") = "Ch4_merge sort", "..\Ch4_merge sort\Ch4_merge sort.vcxproj", "{0AC62A5B-E475-4D37-8BA6-841FF6B45965}"
EndProject
Project("{8BC9CEB8-8B4A-11D0-8D11-00A0C91BC942}") = "Ch5_sort_search", "..\Ch5_sort_search\Ch5_sort_search.vcxproj", "{FFDFA911-12FA-4986-965A-2043F0F9C61B}"
EndProject
Project("{8BC9CEB8-8B4A-11D0-8D11-00A0C91BC942}") = "Ch6_Tree", "..\Ch6_Tree\Ch6_Tree.vcxproj", "{E5642A7F-E8F5-4742-982D-3D93D2CBEB60}"
EndProject
Project("{8BC9CEB8-8B4A-11D0-8D11-00A0C91BC942}") = "Ch7_kthFind", "..\Ch7_kthFind\Ch7_kthFind.vcxproj", "{7355A77A-5EBA-4977-9DD4-4E1C5D7E3D67}"
EndProject
Project("{8BC9CEB8-8B4A-11D0-8D11-00A0C91BC942}") = "Ch8_Heap", "..\Ch8_Heap\Ch8_Heap.vcxproj", "{348F05E1-4062-4057-9F5E-DC1F0249DE8F}"
EndProject
Project("{8BC9CEB8-8B4A-11D0-8D11-00A0C91BC942}") = "Ch9_ Threat System", "..\Ch9_ Threat System\Ch9_ Threat System.vcxproj", "{8E770A8F-BB95-4F98-8E8F-3AE153D9B4EB}"
EndProject
Project("{8BC9CEB8-8B4A-11D0-8D11-00A0C91BC942}") = "Ch10_Graph", "..\Ch10_Graph\Ch10_Graph.vcxproj", "{0A880E33-05DB-4708-9E02-C23188A69FD4}"
EndProject
Project("{8BC9CEB8-8B4A-11D0-8D11-00A0C91BC942}") = "Ch11_Graph_Traverse", "..\Ch11_Graph_Traverse\Ch11_Graph_Traverse.vcxproj", "{B920A0DD-5E08-46C1-9FAE-B8C357869B81}"
EndProject
Project("{8BC9CEB8-8B4A-11D0-8D11-00A0C91BC942}") = "Ch12_GameGraph", "..\Ch12_GameGraph\Ch12_GameGraph.vcxproj", "{2C309DBD-EBA8-4E0E-846D-3F25AB3500BD}"
EndProject
Project("{8BC9CEB8-8B4A-11D0-8D11-00A0C91BC942}") = "Ch13_DP", "..\Ch13_DP\Ch13_DP.vcxproj", "{53E0CA97-0049-4BE1-AA79-9E1AAACA0D52}"
EndProject
Project("{8BC9CEB8-8B4A-11D0-8D11-00A0C91BC942}") = "Ch14_Greedy Algorithm", "..\Ch14_Greedy Algorithm\Ch14_Greedy Algorithm.vcxproj", "{A6D8C1D9-6180-4CD0-BF64-0251DC0D5BAF}"
EndProject
Global
	GlobalSection(SolutionConfigurationPlatforms) = preSolution
		Debug|x64 = Debug|x64
		Debug|x86 = Debug|x86
		Release|x64 = Release|x64
		Release|x86 = Release|x86
	EndGlobalSection
	GlobalSection(ProjectConfigurationPlatforms) = postSolution
		{EA651EA8-7EC9-4F35-8F0D-CEDEB9B47B62}.Debug|x64.ActiveCfg = Debug|x64
		{EA651EA8-7EC9-4F35-8F0D-CEDEB9B47B62}.Debug|x64.Build.0 = Debug|x64
		{EA651EA8-7EC9-4F35-8F0D-CEDEB9B47B62}.Debug|x86.ActiveCfg = Debug|Win32
		{EA651EA8-7EC9-4F35-8F0D-CEDEB9B47B62}.Debug|x86.Build.0 = Debug|Win32
		{EA651EA8-7EC9-4F35-8F0D-CEDEB9B47B62}.Release|x64.ActiveCfg = Release|x64
		{EA651EA8-7EC9-4F35-8F0D-CEDEB9B47B62}.Release|x64.Build.0 = Release|x64
		{EA651EA8-7EC9-4F35-8F0D-CEDEB9B47B62}.Release|x86.ActiveCfg = Release|Win32
		{EA651EA8-7EC9-4F35-8F0D-CEDEB9B47B62}.Release|x86.Build.0 = Release|Win32
		{6600E005-80F0-4C76-8356-0A350FA3F858}.Debug|x64.ActiveCfg = Debug|x64
		{6600E005-80F0-4C76-8356-0A350FA3F858}.Debug|x64.Build.0 = Debug|x64
		{6600E005-80F0-4C76-8356-0A350FA3F858}.Debug|x86.ActiveCfg = Debug|Win32
		{6600E005-80F0-4C76-8356-0A350FA3F858}.Debug|x86.Build.0 = Debug|Win32
		{6600E005-80F0-4C76-8356-0A350FA3F858}.Release|x64.ActiveCfg = Release|x64
		{6600E005-80F0-4C76-8356-0A350FA3F858}.Release|x64.Build.0 = Release|x64
		{6600E005-80F0-4C76-8356-0A350FA3F858}.Release|x86.ActiveCfg = Release|Win32
		{6600E005-80F0-4C76-8356-0A350FA3F858}.Release|x86.Build.0 = Release|Win32
		{E706DA1F-6876-4774-9B58-5853268BADA7}.Debug|x64.ActiveCfg = Debug|x64
		{E706DA1F-6876-4774-9B58-5853268BADA7}.Debug|x64.Build.0 = Debug|x64
		{E706DA1F-6876-4774-9B58-5853268BADA7}.Debug|x86.ActiveCfg = Debug|Win32
		{E706DA1F-6876-4774-9B58-5853268BADA7}.Debug|x86.Build.0 = Debug|Win32
		{E706DA1F-6876-4774-9B58-5853268BADA7}.Release|x64.ActiveCfg = Release|x64
		{E706DA1F-6876-4774-9B58-5853268BADA7}.Release|x64.Build.0 = Release|x64
		{E706DA1F-6876-4774-9B58-5853268BADA7}.Release|x86.ActiveCfg = Release|Win32
		{E706DA1F-6876-4774-9B58-5853268BADA7}.Release|x86.Build.0 = Release|Win32
		{0AC62A5B-E475-4D37-8BA6-841FF6B45965}.Debug|x64.ActiveCfg = Debug|x64
		{0AC62A5B-E475-4D37-8BA6-841FF6B45965}.Debug|x64.Build.0 = Debug|x64
		{0AC62A5B-E475-4D37-8BA6-841FF6B45965}.Debug|x86.ActiveCfg = Debug|Win32
		{0AC62A5B-E475-4D37-8BA6-841FF6B45965}.Debug|x86.Build.0 = Debug|Win32
		{0AC62A5B-E475-4D37-8BA6-841FF6B45965}.Release|x64.ActiveCfg = Release|x64
		{0AC62A5B-E475-4D37-8BA6-841FF6B45965}.Release|x64.Build.0 = Release|x64
		{0AC62A5B-E475-4D37-8BA6-841FF6B45965}.Release|x86.ActiveCfg = Release|Win32
		{0AC62A5B-E475-4D37-8BA6-841FF6B45965}.Release|x86.Build.0 = Release|Win32
		{FFDFA911-12FA-4986-965A-2043F0F9C61B}.Debug|x64.ActiveCfg = Debug|x64
		{FFDFA911-12FA-4986-965A-2043F0F9C61B}.Debug|x64.Build.0 = Debug|x64
		{FFDFA911-12FA-4986-965A-2043F0F9C61B}.Debug|x86.ActiveCfg = Debug|Win32
		{FFDFA911-12FA-4986-965A-2043F0F9C61B}.Debug|x86.Build.0 = Debug|Win32
		{FFDFA911-12FA-4986-965A-2043F0F9C61B}.Release|x64.ActiveCfg = Release|x64
		{FFDFA911-12FA-4986-965A-2043F0F9C61B}.Release|x64.Build.0 = Release|x64
		{FFDFA911-12FA-4986-965A-2043F0F9C61B}.Release|x86.ActiveCfg = Release|Win32
		{FFDFA911-12FA-4986-965A-2043F0F9C61B}.Release|x86.Build.0 = Release|Win32
		{E5642A7F-E8F5-4742-982D-3D93D2CBEB60}.Debug|x64.ActiveCfg = Debug|x64
		{E5642A7F-E8F5-4742-982D-3D93D2CBEB60}.Debug|x64.Build.0 = Debug|x64
		{E5642A7F-E8F5-4742-982D-3D93D2CBEB60}.Debug|x86.ActiveCfg = Debug|Win32
		{E5642A7F-E8F5-4742-982D-3D93D2CBEB60}.Debug|x86.Build.0 = Debug|Win32
		{E5642A7F-E8F5-4742-982D-3D93D2CBEB60}.Release|x64.ActiveCfg = Release|x64
		{E5642A7F-E8F5-4742-982D-3D93D2CBEB60}.Release|x64.Build.0 = Release|x64
		{E5642A7F-E8F5-4742-982D-3D93D2CBEB60}.Release|x86.ActiveCfg = Release|Win32
		{E5642A7F-E8F5-4742-982D-3D93D2CBEB60}.Release|x86.Build.0 = Release|Win32
		{7355A77A-5EBA-4977-9DD4-4E1C5D7E3D67}.Debug|x64.ActiveCfg = Debug|x64
		{7355A77A-5EBA-4977-9DD4-4E1C5D7E3D67}.Debug|x64.Build.0 = Debug|x64
		{7355A77A-5EBA-4977-9DD4-4E1C5D7E3D67}.Debug|x86.ActiveCfg = Debug|Win32
		{7355A77A-5EBA-4977-9DD4-4E1C5D7E3D67}.Debug|x86.Build.0 = Debug|Win32
		{7355A77A-5EBA-4977-9DD4-4E1C5D7E3D67}.Release|x64.ActiveCfg = Release|x64
		{7355A77A-5EBA-4977-9DD4-4E1C5D7E3D67}.Release|x64.Build.0 = Release|x64
		{7355A77A-5EBA-4977-9DD4-4E1C5D7E3D67}.Release|x86.ActiveCfg = Release|Win32
		{7355A77A-5EBA-4977-9DD4-4E1C5D7E3D67}.Release|x86.Build.0 = Release|Win32
		{348F05E1-4062-4057-9F5E-DC1F0249DE8F}.Debug|x64.ActiveCfg = Debug|x64
		{348F05E1-4062-4057-9F5E-DC1F0249DE8F}.Debug|x64.Build.0 = Debug|x64
		{348F05E1-4062-4057-9F5E-DC1F0249DE8F}.Debug|x86.ActiveCfg = Debug|Win32
		{348F05E1-4062-4057-9F5E-DC1F0249DE8F}.Debug|x86.Build.0 = Debug|Win32
		{348F05E1-4062-4057-9F5E-DC1F0249DE8F}.Release|x64.ActiveCfg = Release|x64
		{348F05E1-4062-4057-9F5E-DC1F0249DE8F}.Release|x64.Build.0 = Release|x64
		{348F05E1-4062-4057-9F5E-DC1F0249DE8F}.Release|x86.ActiveCfg = Release|Win32
		{348F05E1-4062-4057-9F5E-DC1F0249DE8F}.Release|x86.Build.0 = Release|Win32
		{8E770A8F-BB95-4F98-8E8F-3AE153D9B4EB}.Debug|x64.ActiveCfg = Debug|x64
		{8E770A8F-BB95-4F98-8E8F-3AE153D9B4EB}.Debug|x64.Build.0 = Debug|x64
		{8E770A8F-BB95-4F98-8E8F-3AE153D9B4EB}.Debug|x86.ActiveCfg = Debug|Win32
		{8E770A8F-BB95-4F98-8E8F-3AE153D9B4EB}.Debug|x86.Build.0 = Debug|Win32
		{8E770A8F-BB95-4F98-8E8F-3AE153D9B4EB}.Release|x64.ActiveCfg = Release|x64
		{8E770A8F-BB95-4F98-8E8F-3AE153D9B4EB}.Release|x64.Build.0 = Release|x64
		{8E770A8F-BB95-4F98-8E8F-3AE153D9B4EB}.Release|x86.ActiveCfg = Release|Win32
		{8E770A8F-BB95-4F98-8E8F-3AE153D9B4EB}.Release|x86.Build.0 = Release|Win32
		{0A880E33-05DB-4708-9E02-C23188A69FD4}.Debug|x64.ActiveCfg = Debug|x64
		{0A880E33-05DB-4708-9E02-C23188A69FD4}.Debug|x64.Build.0 = Debug|x64
		{0A880E33-05DB-4708-9E02-C23188A69FD4}.Debug|x86.ActiveCfg = Debug|Win32
		{0A880E33-05DB-4708-9E02-C23188A69FD4}.Debug|x86.Build.0 = Debug|Win32
		{0A880E33-05DB-4708-9E02-C23188A69FD4}.Release|x64.ActiveCfg = Release|x64
		{0A880E33-05DB-4708-9E02-C23188A69FD4}.Release|x64.Build.0 = Release|x64
		{0A880E33-05DB-4708-9E02-C23188A69FD4}.Release|x86.ActiveCfg = Release|Win32
		{0A880E33-05DB-4708-9E02-C23188A69FD4}.Release|x86.Build.0 = Release|Win32
		{B920A0DD-5E08-46C1-9FAE-B8C357869B81}.Debug|x64.ActiveCfg = Debug|x64
		{B920A0DD-5E08-46C1-9FAE-B8C357869B81}.Debug|x64.Build.0 = Debug|x64
		{B920A0DD-5E08-46C1-9FAE-B8C357869B81}.Debug|x86.ActiveCfg = Debug|Win32
		{B920A0DD-5E08-46C1-9FAE-B8C357869B81}.Debug|x86.Build.0 = Debug|Win32
		{B920A0DD-5E08-46C1-9FAE-B8C357869B81}.Release|x64.ActiveCfg = Release|x64
		{B920A0DD-5E08-46C1-9FAE-B8C357869B81}.Release|x64.Build.0 = Release|x64
		{B920A0DD-5E08-46C1-9FAE-B8C357869B81}.Release|x86.ActiveCfg = Release|Win32
		{B920A0DD-5E08-46C1-9FAE-B8C357869B81}.Release|x86.Build.0 = Release|Win32
		{2C309DBD-EBA8-4E0E-846D-3F25AB3500BD}.Debug|x64.ActiveCfg = Debug|x64
		{2C309DBD-EBA8-4E0E-846D-3F25AB3500BD}.Debug|x64.Build.0 = Debug|x64
		{2C309DBD-EBA8-4E0E-846D-3F25AB3500BD}.Debug|x86.ActiveCfg = Debug|Win32
		{2C309DBD-EBA8-4E0E-846D-3F25AB3500BD}.Debug|x86.Build.0 = Debug|Win32
		{2C309DBD-EBA8-4E0E-846D-3F25AB3500BD}.Release|x64.ActiveCfg = Release|x64
		{2C309DBD-EBA8-4E0E-846D-3F25AB3500BD}.Release|x64.Build.0 = Release|x64
		{2C309DBD-EBA8-4E0E-846D-3F25AB3500BD}.Release|x86.ActiveCfg = Release|Win32
		{2C309DBD-EBA8-4E0E-846D-3F25AB3500BD}.Release|x86.Build.0 = Release|Win32
		{53E0CA97-0049-4BE1-AA79-9E1AAACA0D52}.Debug|x64.ActiveCfg = Debug|x64
		{53E0CA97-0049-4BE1-AA79-9E1AAACA0D52}.Debug|x64.Build.0 = Debug|x64
		{53E0CA97-0049-4BE1-AA79-9E1AAACA0D52}.Debug|x86.ActiveCfg = Debug|Win32
		{53E0CA97-0049-4BE1-AA79-9E1AAACA0D52}.Debug|x86.Build.0 = Debug|Win32
		{53E0CA97-0049-4BE1-AA79-9E1AAACA0D52}.Release|x64.ActiveCfg = Release|x64
		{53E0CA97-0049-4BE1-AA79-9E1AAACA0D52}.Release|x64.Build.0 = Release|x64
		{53E0CA97-0049-4BE1-AA79-9E1AAACA0D52}.Release|x86.ActiveCfg = Release|Win32
		{53E0CA97-0049-4BE1-AA79-9E1AAACA0D52}.Release|x86.Build.0 = Release|Win32
		{A6D8C1D9-6180-4CD0-BF64-0251DC0D5BAF}.Debug|x64.ActiveCfg = Debug|x64
		{A6D8C1D9-6180-4CD0-BF64-0251DC0D5BAF}.Debug|x64.Build.0 = Debug|x64
		{A6D8C1D9-6180-4CD0-BF64-0251DC0D5BAF}.Debug|x86.ActiveCfg = Debug|Win32
		{A6D8C1D9-6180-4CD0-BF64-0251DC0D5BAF}.Debug|x86.Build.0 = Debug|Win32
		{A6D8C1D9-6180-4CD0-BF64-0251DC0D5BAF}.Release|x64.ActiveCfg = Release|x64
		{A6D8C1D9-6180-4CD0-BF64-0251DC0D5BAF}.Release|x64.Build.0 = Release|x64
		{A6D8C1D9-6180-4CD0-BF64-0251DC0D5BAF}.Release|x86.ActiveCfg = Release|Win32
		{A6D8C1D9-6180-4CD0-BF64-0251DC0D5BAF}.Release|x86.Build.0 = Release|Win32
	EndGlobalSection
	GlobalSection(SolutionProperties) = preSolution
		HideSolutionNode = FALSE
	EndGlobalSection
	GlobalSection(ExtensibilityGlobals) = postSolution
		SolutionGuid = {54BF9ACB-BD01-45A6-9DCF-CA86FE607A71}
	EndGlobalSection
EndGlobal
